
Microsoft Visual Studio Solution File, Format Version 12.00
# Visual Studio Version 16
VisualStudioVersion = 16.0.30320.27
MinimumVisualStudioVersion = 10.0.40219.1
Project("{FAE04EC0-301F-11D3-BF4B-00C04F79EFBC}") = "MedicineInventroyForHoneyWell", "MedicineInventroyForHoneyWell\MedicineInventroyForHoneyWell.csproj", "{A7E99551-45AF-45E8-BAB7-FE7B50F5A8FB}"
EndProject
Project("{FAE04EC0-301F-11D3-BF4B-00C04F79EFBC}") = "MedicineInventory.Store", "MedicineInventory.Store\MedicineInventory.Store.csproj", "{B5D78052-7484-49F0-8D4B-C52A27247BA1}"
EndProject
Project("{FAE04EC0-301F-11D3-BF4B-00C04F79EFBC}") = "MedicineInventoryForHoneyWellTest", "MedicineInventoryForHoneyWellTest\MedicineInventoryForHoneyWellTest.csproj", "{8C32D745-E49A-425F-B86A-E9BF26F1513B}"
EndProject
Global
	GlobalSection(SolutionConfigurationPlatforms) = preSolution
		Debug|Any CPU = Debug|Any CPU
		Release|Any CPU = Release|Any CPU
	EndGlobalSection
	GlobalSection(ProjectConfigurationPlatforms) = postSolution
		{A7E99551-45AF-45E8-BAB7-FE7B50F5A8FB}.Debug|Any CPU.ActiveCfg = Debug|Any CPU
		{A7E99551-45AF-45E8-BAB7-FE7B50F5A8FB}.Debug|Any CPU.Build.0 = Debug|Any CPU
		{A7E99551-45AF-45E8-BAB7-FE7B50F5A8FB}.Release|Any CPU.ActiveCfg = Release|Any CPU
		{A7E99551-45AF-45E8-BAB7-FE7B50F5A8FB}.Release|Any CPU.Build.0 = Release|Any CPU
		{B5D78052-7484-49F0-8D4B-C52A27247BA1}.Debug|Any CPU.ActiveCfg = Debug|Any CPU
		{B5D78052-7484-49F0-8D4B-C52A27247BA1}.Debug|Any CPU.Build.0 = Debug|Any CPU
		{B5D78052-7484-49F0-8D4B-C52A27247BA1}.Release|Any CPU.ActiveCfg = Release|Any CPU
		{B5D78052-7484-49F0-8D4B-C52A27247BA1}.Release|Any CPU.Build.0 = Release|Any CPU
		{8C32D745-E49A-425F-B86A-E9BF26F1513B}.Debug|Any CPU.ActiveCfg = Debug|Any CPU
		{8C32D745-E49A-425F-B86A-E9BF26F1513B}.Debug|Any CPU.Build.0 = Debug|Any CPU
		{8C32D745-E49A-425F-B86A-E9BF26F1513B}.Release|Any CPU.ActiveCfg = Release|Any CPU
		{8C32D745-E49A-425F-B86A-E9BF26F1513B}.Release|Any CPU.Build.0 = Release|Any CPU
	EndGlobalSection
	GlobalSection(SolutionProperties) = preSolution
		HideSolutionNode = FALSE
	EndGlobalSection
	GlobalSection(ExtensibilityGlobals) = postSolution
		SolutionGuid = {C20F29D1-D4DA-401B-9C81-70F3A1D18486}
	EndGlobalSection
EndGlobal
